
Microsoft Visual Studio Solution File, Format Version 12.00
# Visual Studio Version 16
VisualStudioVersion = 16.0.30011.22
MinimumVisualStudioVersion = 10.0.40219.1
Project("{8BC9CEB8-8B4A-11D0-8D11-00A0C91BC942}") = "Machine Registration", "Machine Registration\Machine Registration.vcxproj", "{AC500166-4AFD-4E0A-85F5-8AA5C0BE6DCC}"
	ProjectSection(ProjectDependencies) = postProject
		{90BB0A63-0E18-4D7D-86E9-7D32BF6478D5} = {90BB0A63-0E18-4D7D-86E9-7D32BF6478D5}
	EndProjectSection
EndProject
Project("{8BC9CEB8-8B4A-11D0-8D11-00A0C91BC942}") = "MachineRegistration", "MachineRegistration\MachineRegistration.vcxproj", "{90BB0A63-0E18-4D7D-86E9-7D32BF6478D5}"
EndProject
Project("{8BC9CEB8-8B4A-11D0-8D11-00A0C91BC942}") = "MachineRegistrationClient", "MachineRegistrationClient\MachineRegistrationClient.vcxproj", "{693F5DFA-46C1-46A8-8C0B-44B2BC97CA31}"
EndProject
Project("{2150E333-8FDC-42A3-9474-1A3956D46DE8}") = "Dll", "Dll", "{DD20F851-96B5-4481-88D6-089D70419134}"
EndProject
Project("{2150E333-8FDC-42A3-9474-1A3956D46DE8}") = "GUI", "GUI", "{7A2C10E3-5575-4FC0-ADC9-398F38307B32}"
EndProject
Project("{8BC9CEB8-8B4A-11D0-8D11-00A0C91BC942}") = "Machine RegCheck", "Machine RegCheck\Machine RegCheck.vcxproj", "{5A378E13-52CF-48E5-ADBB-B5F4867D4B9A}"
	ProjectSection(ProjectDependencies) = postProject
		{693F5DFA-46C1-46A8-8C0B-44B2BC97CA31} = {693F5DFA-46C1-46A8-8C0B-44B2BC97CA31}
	EndProjectSection
EndProject
Project("{2150E333-8FDC-42A3-9474-1A3956D46DE8}") = "LinuxService", "LinuxService", "{5F73D4D3-1AB2-49A2-9DAE-4FE3FE9923FA}"
EndProject
Project("{8BC9CEB8-8B4A-11D0-8D11-00A0C91BC942}") = "LinuxRegisterService", "LinuxRegisterService\LinuxRegisterService.vcxproj", "{D3544E6E-C615-47E4-86F9-F57D463BD9ED}"
EndProject
Project("{8BC9CEB8-8B4A-11D0-8D11-00A0C91BC942}") = "Machine ID", "Machine ID\Machine ID.vcxproj", "{13FA1C55-C471-4D64-946B-9696E9D4E90E}"
	ProjectSection(ProjectDependencies) = postProject
		{693F5DFA-46C1-46A8-8C0B-44B2BC97CA31} = {693F5DFA-46C1-46A8-8C0B-44B2BC97CA31}
	EndProjectSection
EndProject
Project("{8BC9CEB8-8B4A-11D0-8D11-00A0C91BC942}") = "AntiVirtualMachine", "AntiVirtualMachine\AntiVirtualMachine.vcxproj", "{A8A4D877-9ECE-423A-86C2-25984C10903F}"
EndProject
Project("{8BC9CEB8-8B4A-11D0-8D11-00A0C91BC942}") = "AntiVM2", "AntiVM2\AntiVM2.vcxproj", "{6BBBFCB0-7C53-405B-A7BA-9CA2FDDEC7B6}"
EndProject
Global
	GlobalSection(SolutionConfigurationPlatforms) = preSolution
		Debug|ARM = Debug|ARM
		Debug|ARM64 = Debug|ARM64
		Debug|x64 = Debug|x64
		Debug|x86 = Debug|x86
		Release|ARM = Release|ARM
		Release|ARM64 = Release|ARM64
		Release|x64 = Release|x64
		Release|x86 = Release|x86
	EndGlobalSection
	GlobalSection(ProjectConfigurationPlatforms) = postSolution
		{AC500166-4AFD-4E0A-85F5-8AA5C0BE6DCC}.Debug|ARM.ActiveCfg = Debug|Win32
		{AC500166-4AFD-4E0A-85F5-8AA5C0BE6DCC}.Debug|ARM64.ActiveCfg = Debug|Win32
		{AC500166-4AFD-4E0A-85F5-8AA5C0BE6DCC}.Debug|x64.ActiveCfg = Debug|x64
		{AC500166-4AFD-4E0A-85F5-8AA5C0BE6DCC}.Debug|x64.Build.0 = Debug|x64
		{AC500166-4AFD-4E0A-85F5-8AA5C0BE6DCC}.Debug|x86.ActiveCfg = Debug|Win32
		{AC500166-4AFD-4E0A-85F5-8AA5C0BE6DCC}.Debug|x86.Build.0 = Debug|Win32
		{AC500166-4AFD-4E0A-85F5-8AA5C0BE6DCC}.Release|ARM.ActiveCfg = Release|Win32
		{AC500166-4AFD-4E0A-85F5-8AA5C0BE6DCC}.Release|ARM64.ActiveCfg = Release|Win32
		{AC500166-4AFD-4E0A-85F5-8AA5C0BE6DCC}.Release|x64.ActiveCfg = Release|x64
		{AC500166-4AFD-4E0A-85F5-8AA5C0BE6DCC}.Release|x64.Build.0 = Release|x64
		{AC500166-4AFD-4E0A-85F5-8AA5C0BE6DCC}.Release|x86.ActiveCfg = Release|Win32
		{AC500166-4AFD-4E0A-85F5-8AA5C0BE6DCC}.Release|x86.Build.0 = Release|Win32
		{90BB0A63-0E18-4D7D-86E9-7D32BF6478D5}.Debug|ARM.ActiveCfg = Debug|Win32
		{90BB0A63-0E18-4D7D-86E9-7D32BF6478D5}.Debug|ARM64.ActiveCfg = Debug|Win32
		{90BB0A63-0E18-4D7D-86E9-7D32BF6478D5}.Debug|x64.ActiveCfg = Debug|x64
		{90BB0A63-0E18-4D7D-86E9-7D32BF6478D5}.Debug|x64.Build.0 = Debug|x64
		{90BB0A63-0E18-4D7D-86E9-7D32BF6478D5}.Debug|x86.ActiveCfg = Debug|Win32
		{90BB0A63-0E18-4D7D-86E9-7D32BF6478D5}.Debug|x86.Build.0 = Debug|Win32
		{90BB0A63-0E18-4D7D-86E9-7D32BF6478D5}.Release|ARM.ActiveCfg = Release|Win32
		{90BB0A63-0E18-4D7D-86E9-7D32BF6478D5}.Release|ARM64.ActiveCfg = Release|Win32
		{90BB0A63-0E18-4D7D-86E9-7D32BF6478D5}.Release|x64.ActiveCfg = Release|x64
		{90BB0A63-0E18-4D7D-86E9-7D32BF6478D5}.Release|x64.Build.0 = Release|x64
		{90BB0A63-0E18-4D7D-86E9-7D32BF6478D5}.Release|x86.ActiveCfg = Release|Win32
		{90BB0A63-0E18-4D7D-86E9-7D32BF6478D5}.Release|x86.Build.0 = Release|Win32
		{693F5DFA-46C1-46A8-8C0B-44B2BC97CA31}.Debug|ARM.ActiveCfg = Debug|Win32
		{693F5DFA-46C1-46A8-8C0B-44B2BC97CA31}.Debug|ARM64.ActiveCfg = Debug|Win32
		{693F5DFA-46C1-46A8-8C0B-44B2BC97CA31}.Debug|x64.ActiveCfg = Debug|x64
		{693F5DFA-46C1-46A8-8C0B-44B2BC97CA31}.Debug|x64.Build.0 = Debug|x64
		{693F5DFA-46C1-46A8-8C0B-44B2BC97CA31}.Debug|x86.ActiveCfg = Debug|Win32
		{693F5DFA-46C1-46A8-8C0B-44B2BC97CA31}.Debug|x86.Build.0 = Debug|Win32
		{693F5DFA-46C1-46A8-8C0B-44B2BC97CA31}.Release|ARM.ActiveCfg = Release|Win32
		{693F5DFA-46C1-46A8-8C0B-44B2BC97CA31}.Release|ARM64.ActiveCfg = Release|Win32
		{693F5DFA-46C1-46A8-8C0B-44B2BC97CA31}.Release|x64.ActiveCfg = Release|x64
		{693F5DFA-46C1-46A8-8C0B-44B2BC97CA31}.Release|x64.Build.0 = Release|x64
		{693F5DFA-46C1-46A8-8C0B-44B2BC97CA31}.Release|x86.ActiveCfg = Release|Win32
		{693F5DFA-46C1-46A8-8C0B-44B2BC97CA31}.Release|x86.Build.0 = Release|Win32
		{5A378E13-52CF-48E5-ADBB-B5F4867D4B9A}.Debug|ARM.ActiveCfg = Debug|Win32
		{5A378E13-52CF-48E5-ADBB-B5F4867D4B9A}.Debug|ARM64.ActiveCfg = Debug|Win32
		{5A378E13-52CF-48E5-ADBB-B5F4867D4B9A}.Debug|x64.ActiveCfg = Debug|x64
		{5A378E13-52CF-48E5-ADBB-B5F4867D4B9A}.Debug|x64.Build.0 = Debug|x64
		{5A378E13-52CF-48E5-ADBB-B5F4867D4B9A}.Debug|x86.ActiveCfg = Debug|Win32
		{5A378E13-52CF-48E5-ADBB-B5F4867D4B9A}.Debug|x86.Build.0 = Debug|Win32
		{5A378E13-52CF-48E5-ADBB-B5F4867D4B9A}.Release|ARM.ActiveCfg = Release|Win32
		{5A378E13-52CF-48E5-ADBB-B5F4867D4B9A}.Release|ARM64.ActiveCfg = Release|Win32
		{5A378E13-52CF-48E5-ADBB-B5F4867D4B9A}.Release|x64.ActiveCfg = Release|x64
		{5A378E13-52CF-48E5-ADBB-B5F4867D4B9A}.Release|x64.Build.0 = Release|x64
		{5A378E13-52CF-48E5-ADBB-B5F4867D4B9A}.Release|x86.ActiveCfg = Release|Win32
		{5A378E13-52CF-48E5-ADBB-B5F4867D4B9A}.Release|x86.Build.0 = Release|Win32
		{D3544E6E-C615-47E4-86F9-F57D463BD9ED}.Debug|ARM.ActiveCfg = Debug|Win32
		{D3544E6E-C615-47E4-86F9-F57D463BD9ED}.Debug|ARM64.ActiveCfg = Debug|Win32
		{D3544E6E-C615-47E4-86F9-F57D463BD9ED}.Debug|x64.ActiveCfg = Debug|x64
		{D3544E6E-C615-47E4-86F9-F57D463BD9ED}.Debug|x64.Build.0 = Debug|x64
		{D3544E6E-C615-47E4-86F9-F57D463BD9ED}.Debug|x86.ActiveCfg = Debug|Win32
		{D3544E6E-C615-47E4-86F9-F57D463BD9ED}.Debug|x86.Build.0 = Debug|Win32
		{D3544E6E-C615-47E4-86F9-F57D463BD9ED}.Release|ARM.ActiveCfg = Release|Win32
		{D3544E6E-C615-47E4-86F9-F57D463BD9ED}.Release|ARM64.ActiveCfg = Release|Win32
		{D3544E6E-C615-47E4-86F9-F57D463BD9ED}.Release|x64.ActiveCfg = Release|x64
		{D3544E6E-C615-47E4-86F9-F57D463BD9ED}.Release|x64.Build.0 = Release|x64
		{D3544E6E-C615-47E4-86F9-F57D463BD9ED}.Release|x86.ActiveCfg = Release|Win32
		{D3544E6E-C615-47E4-86F9-F57D463BD9ED}.Release|x86.Build.0 = Release|Win32
		{13FA1C55-C471-4D64-946B-9696E9D4E90E}.Debug|ARM.ActiveCfg = Debug|Win32
		{13FA1C55-C471-4D64-946B-9696E9D4E90E}.Debug|ARM64.ActiveCfg = Debug|Win32
		{13FA1C55-C471-4D64-946B-9696E9D4E90E}.Debug|x64.ActiveCfg = Debug|x64
		{13FA1C55-C471-4D64-946B-9696E9D4E90E}.Debug|x64.Build.0 = Debug|x64
		{13FA1C55-C471-4D64-946B-9696E9D4E90E}.Debug|x86.ActiveCfg = Debug|Win32
		{13FA1C55-C471-4D64-946B-9696E9D4E90E}.Debug|x86.Build.0 = Debug|Win32
		{13FA1C55-C471-4D64-946B-9696E9D4E90E}.Release|ARM.ActiveCfg = Release|Win32
		{13FA1C55-C471-4D64-946B-9696E9D4E90E}.Release|ARM64.ActiveCfg = Release|Win32
		{13FA1C55-C471-4D64-946B-9696E9D4E90E}.Release|x64.ActiveCfg = Release|x64
		{13FA1C55-C471-4D64-946B-9696E9D4E90E}.Release|x64.Build.0 = Release|x64
		{13FA1C55-C471-4D64-946B-9696E9D4E90E}.Release|x86.ActiveCfg = Release|Win32
		{13FA1C55-C471-4D64-946B-9696E9D4E90E}.Release|x86.Build.0 = Release|Win32
		{A8A4D877-9ECE-423A-86C2-25984C10903F}.Debug|ARM.ActiveCfg = Debug|Win32
		{A8A4D877-9ECE-423A-86C2-25984C10903F}.Debug|ARM64.ActiveCfg = Debug|Win32
		{A8A4D877-9ECE-423A-86C2-25984C10903F}.Debug|x64.ActiveCfg = Debug|x64
		{A8A4D877-9ECE-423A-86C2-25984C10903F}.Debug|x64.Build.0 = Debug|x64
		{A8A4D877-9ECE-423A-86C2-25984C10903F}.Debug|x86.ActiveCfg = Debug|Win32
		{A8A4D877-9ECE-423A-86C2-25984C10903F}.Debug|x86.Build.0 = Debug|Win32
		{A8A4D877-9ECE-423A-86C2-25984C10903F}.Release|ARM.ActiveCfg = Release|Win32
		{A8A4D877-9ECE-423A-86C2-25984C10903F}.Release|ARM64.ActiveCfg = Release|Win32
		{A8A4D877-9ECE-423A-86C2-25984C10903F}.Release|x64.ActiveCfg = Release|x64
		{A8A4D877-9ECE-423A-86C2-25984C10903F}.Release|x64.Build.0 = Release|x64
		{A8A4D877-9ECE-423A-86C2-25984C10903F}.Release|x86.ActiveCfg = Release|Win32
		{A8A4D877-9ECE-423A-86C2-25984C10903F}.Release|x86.Build.0 = Release|Win32
		{6BBBFCB0-7C53-405B-A7BA-9CA2FDDEC7B6}.Debug|ARM.ActiveCfg = Debug|Win32
		{6BBBFCB0-7C53-405B-A7BA-9CA2FDDEC7B6}.Debug|ARM64.ActiveCfg = Debug|Win32
		{6BBBFCB0-7C53-405B-A7BA-9CA2FDDEC7B6}.Debug|x64.ActiveCfg = Debug|x64
		{6BBBFCB0-7C53-405B-A7BA-9CA2FDDEC7B6}.Debug|x64.Build.0 = Debug|x64
		{6BBBFCB0-7C53-405B-A7BA-9CA2FDDEC7B6}.Debug|x86.ActiveCfg = Debug|Win32
		{6BBBFCB0-7C53-405B-A7BA-9CA2FDDEC7B6}.Debug|x86.Build.0 = Debug|Win32
		{6BBBFCB0-7C53-405B-A7BA-9CA2FDDEC7B6}.Release|ARM.ActiveCfg = Release|Win32
		{6BBBFCB0-7C53-405B-A7BA-9CA2FDDEC7B6}.Release|ARM64.ActiveCfg = Release|Win32
		{6BBBFCB0-7C53-405B-A7BA-9CA2FDDEC7B6}.Release|x64.ActiveCfg = Release|x64
		{6BBBFCB0-7C53-405B-A7BA-9CA2FDDEC7B6}.Release|x64.Build.0 = Release|x64
		{6BBBFCB0-7C53-405B-A7BA-9CA2FDDEC7B6}.Release|x86.ActiveCfg = Release|Win32
		{6BBBFCB0-7C53-405B-A7BA-9CA2FDDEC7B6}.Release|x86.Build.0 = Release|Win32
	EndGlobalSection
	GlobalSection(SolutionProperties) = preSolution
		HideSolutionNode = FALSE
	EndGlobalSection
	GlobalSection(NestedProjects) = preSolution
		{AC500166-4AFD-4E0A-85F5-8AA5C0BE6DCC} = {7A2C10E3-5575-4FC0-ADC9-398F38307B32}
		{90BB0A63-0E18-4D7D-86E9-7D32BF6478D5} = {DD20F851-96B5-4481-88D6-089D70419134}
		{693F5DFA-46C1-46A8-8C0B-44B2BC97CA31} = {DD20F851-96B5-4481-88D6-089D70419134}
		{5A378E13-52CF-48E5-ADBB-B5F4867D4B9A} = {7A2C10E3-5575-4FC0-ADC9-398F38307B32}
		{D3544E6E-C615-47E4-86F9-F57D463BD9ED} = {5F73D4D3-1AB2-49A2-9DAE-4FE3FE9923FA}
		{13FA1C55-C471-4D64-946B-9696E9D4E90E} = {7A2C10E3-5575-4FC0-ADC9-398F38307B32}
	EndGlobalSection
	GlobalSection(ExtensibilityGlobals) = postSolution
		SolutionGuid = {38458E55-8F7F-4AB3-A825-5403A6E553F6}
	EndGlobalSection
EndGlobal
